
Microsoft Visual Studio Solution File, Format Version 12.00
# Visual Studio Version 16
VisualStudioVersion = 16.0.32228.343
MinimumVisualStudioVersion = 10.0.40219.1
Project("{FAE04EC0-301F-11D3-BF4B-00C04F79EFBC}") = "actual computer science project", "actual computer science project\actual computer science project.csproj", "{B4ED3F5C-7736-4B8A-BE80-8A2D7729C1AC}"
EndProject
Global
	GlobalSection(SolutionConfigurationPlatforms) = preSolution
		Debug|Any CPU = Debug|Any CPU
		Release|Any CPU = Release|Any CPU
	EndGlobalSection
	GlobalSection(ProjectConfigurationPlatforms) = postSolution
		{B4ED3F5C-7736-4B8A-BE80-8A2D7729C1AC}.Debug|Any CPU.ActiveCfg = Debug|Any CPU
		{B4ED3F5C-7736-4B8A-BE80-8A2D7729C1AC}.Debug|Any CPU.Build.0 = Debug|Any CPU
		{B4ED3F5C-7736-4B8A-BE80-8A2D7729C1AC}.Release|Any CPU.ActiveCfg = Release|Any CPU
		{B4ED3F5C-7736-4B8A-BE80-8A2D7729C1AC}.Release|Any CPU.Build.0 = Release|Any CPU
	EndGlobalSection
	GlobalSection(SolutionProperties) = preSolution
		HideSolutionNode = FALSE
	EndGlobalSection
	GlobalSection(ExtensibilityGlobals) = postSolution
		SolutionGuid = {B2900E44-3BE3-4A7A-8761-FBF29AD030E2}
	EndGlobalSection
EndGlobal
